// !$*UTF8*$!
{
	archiveVersion = 1;
	classes = {
	};
	objectVersion = 56;
	objects = {

/* Begin PBXBuildFile section */
		1F8EB4022927BC3A007AB43E /* Assets.xcassets in Resources */ = {isa = PBXBuildFile; fileRef = 1F8EB4012927BC3A007AB43E /* Assets.xcassets */; };
		1F8EB406292E71FD007AB43E /* FavoriteViewController.swift in Sources */ = {isa = PBXBuildFile; fileRef = 1F8EB405292E71FD007AB43E /* FavoriteViewController.swift */; };
		1F8EB409292E766C007AB43E /* FavoriteCell.swift in Sources */ = {isa = PBXBuildFile; fileRef = 1F8EB408292E766C007AB43E /* FavoriteCell.swift */; };
		1F9A8DAF292528BC00046073 /* DetailsViewController.swift in Sources */ = {isa = PBXBuildFile; fileRef = 1F9A8DAE292528BC00046073 /* DetailsViewController.swift */; };
		1F9A8DB1292528EF00046073 /* DetailsModel.swift in Sources */ = {isa = PBXBuildFile; fileRef = 1F9A8DB0292528EF00046073 /* DetailsModel.swift */; };
		1FFEEB662923C3C5006E969B /* AppDelegate.swift in Sources */ = {isa = PBXBuildFile; fileRef = 1FFEEB652923C3C5006E969B /* AppDelegate.swift */; };
		1FFEEB682923C3C5006E969B /* SceneDelegate.swift in Sources */ = {isa = PBXBuildFile; fileRef = 1FFEEB672923C3C5006E969B /* SceneDelegate.swift */; };
		1FFEEB722923C3C9006E969B /* LaunchScreen.storyboard in Resources */ = {isa = PBXBuildFile; fileRef = 1FFEEB702923C3C9006E969B /* LaunchScreen.storyboard */; };
		1FFEEB7E2923C46E006E969B /* MainTabBarController.swift in Sources */ = {isa = PBXBuildFile; fileRef = 1FFEEB7D2923C46E006E969B /* MainTabBarController.swift */; };
		1FFEEB812923C48A006E969B /* MainViewController.swift in Sources */ = {isa = PBXBuildFile; fileRef = 1FFEEB802923C48A006E969B /* MainViewController.swift */; };
		1FFEEB842923C4A9006E969B /* InfoViewController.swift in Sources */ = {isa = PBXBuildFile; fileRef = 1FFEEB832923C4A9006E969B /* InfoViewController.swift */; };
		1FFEEB882923C4C8006E969B /* UIView + Extensions.swift in Sources */ = {isa = PBXBuildFile; fileRef = 1FFEEB862923C4C8006E969B /* UIView + Extensions.swift */; };
		1FFEEB892923C4C8006E969B /* Constants.swift in Sources */ = {isa = PBXBuildFile; fileRef = 1FFEEB872923C4C8006E969B /* Constants.swift */; };
		1FFEEB8D2923C657006E969B /* MainCollectionViewCell.swift in Sources */ = {isa = PBXBuildFile; fileRef = 1FFEEB8C2923C657006E969B /* MainCollectionViewCell.swift */; };
		1FFEEB8F2923C8B5006E969B /* UIStackView + Extensions.swift in Sources */ = {isa = PBXBuildFile; fileRef = 1FFEEB8E2923C8B5006E969B /* UIStackView + Extensions.swift */; };
		1FFEEB912923C991006E969B /* MainCollectionView.swift in Sources */ = {isa = PBXBuildFile; fileRef = 1FFEEB902923C991006E969B /* MainCollectionView.swift */; };
		1FFEEB932923ED7A006E969B /* Font in Resources */ = {isa = PBXBuildFile; fileRef = 1FFEEB922923ED7A006E969B /* Font */; };
/* End PBXBuildFile section */

/* Begin PBXFileReference section */
		1F8EB4012927BC3A007AB43E /* Assets.xcassets */ = {isa = PBXFileReference; lastKnownFileType = folder.assetcatalog; path = Assets.xcassets; sourceTree = "<group>"; };
		1F8EB405292E71FD007AB43E /* FavoriteViewController.swift */ = {isa = PBXFileReference; lastKnownFileType = sourcecode.swift; path = FavoriteViewController.swift; sourceTree = "<group>"; };
		1F8EB408292E766C007AB43E /* FavoriteCell.swift */ = {isa = PBXFileReference; lastKnownFileType = sourcecode.swift; path = FavoriteCell.swift; sourceTree = "<group>"; };
		1F9A8DAE292528BC00046073 /* DetailsViewController.swift */ = {isa = PBXFileReference; lastKnownFileType = sourcecode.swift; path = DetailsViewController.swift; sourceTree = "<group>"; };
		1F9A8DB0292528EF00046073 /* DetailsModel.swift */ = {isa = PBXFileReference; lastKnownFileType = sourcecode.swift; path = DetailsModel.swift; sourceTree = "<group>"; };
		1FFEEB622923C3C5006E969B /* KrashPoems.app */ = {isa = PBXFileReference; explicitFileType = wrapper.application; includeInIndex = 0; path = KrashPoems.app; sourceTree = BUILT_PRODUCTS_DIR; };
		1FFEEB652923C3C5006E969B /* AppDelegate.swift */ = {isa = PBXFileReference; lastKnownFileType = sourcecode.swift; path = AppDelegate.swift; sourceTree = "<group>"; };
		1FFEEB672923C3C5006E969B /* SceneDelegate.swift */ = {isa = PBXFileReference; lastKnownFileType = sourcecode.swift; path = SceneDelegate.swift; sourceTree = "<group>"; };
		1FFEEB712923C3C9006E969B /* Base */ = {isa = PBXFileReference; lastKnownFileType = file.storyboard; name = Base; path = Base.lproj/LaunchScreen.storyboard; sourceTree = "<group>"; };
		1FFEEB732923C3C9006E969B /* Info.plist */ = {isa = PBXFileReference; lastKnownFileType = text.plist.xml; path = Info.plist; sourceTree = "<group>"; };
		1FFEEB7D2923C46E006E969B /* MainTabBarController.swift */ = {isa = PBXFileReference; fileEncoding = 4; lastKnownFileType = sourcecode.swift; path = MainTabBarController.swift; sourceTree = "<group>"; };
		1FFEEB802923C48A006E969B /* MainViewController.swift */ = {isa = PBXFileReference; fileEncoding = 4; lastKnownFileType = sourcecode.swift; path = MainViewController.swift; sourceTree = "<group>"; };
		1FFEEB832923C4A9006E969B /* InfoViewController.swift */ = {isa = PBXFileReference; fileEncoding = 4; lastKnownFileType = sourcecode.swift; path = InfoViewController.swift; sourceTree = "<group>"; };
		1FFEEB862923C4C8006E969B /* UIView + Extensions.swift */ = {isa = PBXFileReference; fileEncoding = 4; lastKnownFileType = sourcecode.swift; path = "UIView + Extensions.swift"; sourceTree = "<group>"; };
		1FFEEB872923C4C8006E969B /* Constants.swift */ = {isa = PBXFileReference; fileEncoding = 4; lastKnownFileType = sourcecode.swift; path = Constants.swift; sourceTree = "<group>"; };
		1FFEEB8C2923C657006E969B /* MainCollectionViewCell.swift */ = {isa = PBXFileReference; lastKnownFileType = sourcecode.swift; path = MainCollectionViewCell.swift; sourceTree = "<group>"; };
		1FFEEB8E2923C8B5006E969B /* UIStackView + Extensions.swift */ = {isa = PBXFileReference; fileEncoding = 4; lastKnownFileType = sourcecode.swift; path = "UIStackView + Extensions.swift"; sourceTree = "<group>"; };
		1FFEEB902923C991006E969B /* MainCollectionView.swift */ = {isa = PBXFileReference; lastKnownFileType = sourcecode.swift; path = MainCollectionView.swift; sourceTree = "<group>"; };
		1FFEEB922923ED7A006E969B /* Font */ = {isa = PBXFileReference; lastKnownFileType = folder; path = Font; sourceTree = "<group>"; };
/* End PBXFileReference section */

/* Begin PBXFrameworksBuildPhase section */
		1FFEEB5F2923C3C5006E969B /* Frameworks */ = {
			isa = PBXFrameworksBuildPhase;
			buildActionMask = 2147483647;
			files = (
			);
			runOnlyForDeploymentPostprocessing = 0;
		};
/* End PBXFrameworksBuildPhase section */

/* Begin PBXGroup section */
		1F8EB403292E71DD007AB43E /* FavoriteModule */ = {
			isa = PBXGroup;
			children = (
				1F8EB407292E7658007AB43E /* Cells */,
				1F8EB404292E71E9007AB43E /* Controllers */,
			);
			path = FavoriteModule;
			sourceTree = "<group>";
		};
		1F8EB404292E71E9007AB43E /* Controllers */ = {
			isa = PBXGroup;
			children = (
				1F8EB405292E71FD007AB43E /* FavoriteViewController.swift */,
			);
			path = Controllers;
			sourceTree = "<group>";
		};
		1F8EB407292E7658007AB43E /* Cells */ = {
			isa = PBXGroup;
			children = (
				1F8EB408292E766C007AB43E /* FavoriteCell.swift */,
			);
			path = Cells;
			sourceTree = "<group>";
		};
		1F9A8DAB2925288000046073 /* DetailsModule */ = {
			isa = PBXGroup;
			children = (
				1F9A8DAD2925289B00046073 /* Models */,
				1F9A8DAC2925289200046073 /* Controllers */,
			);
			path = DetailsModule;
			sourceTree = "<group>";
		};
		1F9A8DAC2925289200046073 /* Controllers */ = {
			isa = PBXGroup;
			children = (
				1F9A8DAE292528BC00046073 /* DetailsViewController.swift */,
			);
			path = Controllers;
			sourceTree = "<group>";
		};
		1F9A8DAD2925289B00046073 /* Models */ = {
			isa = PBXGroup;
			children = (
				1F9A8DB0292528EF00046073 /* DetailsModel.swift */,
			);
			path = Models;
			sourceTree = "<group>";
		};
		1FFEEB592923C3C5006E969B = {
			isa = PBXGroup;
			children = (
				1FFEEB642923C3C5006E969B /* KrashPoems */,
				1FFEEB632923C3C5006E969B /* Products */,
			);
			sourceTree = "<group>";
		};
		1FFEEB632923C3C5006E969B /* Products */ = {
			isa = PBXGroup;
			children = (
				1FFEEB622923C3C5006E969B /* KrashPoems.app */,
			);
			name = Products;
			sourceTree = "<group>";
		};
		1FFEEB642923C3C5006E969B /* KrashPoems */ = {
			isa = PBXGroup;
			children = (
				1F8EB403292E71DD007AB43E /* FavoriteModule */,
				1FFEEB7C2923C45E006E969B /* Application */,
				1F9A8DAB2925288000046073 /* DetailsModule */,
				1FFEEB7F2923C47B006E969B /* MainModule */,
				1FFEEB7B2923C457006E969B /* NavigationModule */,
				1FFEEB822923C496006E969B /* InfoModule */,
				1FFEEB852923C4B5006E969B /* Extensions */,
				1FFEEB922923ED7A006E969B /* Font */,
				1FFEEB702923C3C9006E969B /* LaunchScreen.storyboard */,
				1FFEEB732923C3C9006E969B /* Info.plist */,
				1F8EB4012927BC3A007AB43E /* Assets.xcassets */,
			);
			path = KrashPoems;
			sourceTree = "<group>";
		};
		1FFEEB7B2923C457006E969B /* NavigationModule */ = {
			isa = PBXGroup;
			children = (
				1FFEEB7D2923C46E006E969B /* MainTabBarController.swift */,
			);
			path = NavigationModule;
			sourceTree = "<group>";
		};
		1FFEEB7C2923C45E006E969B /* Application */ = {
			isa = PBXGroup;
			children = (
				1FFEEB652923C3C5006E969B /* AppDelegate.swift */,
				1FFEEB672923C3C5006E969B /* SceneDelegate.swift */,
			);
			path = Application;
			sourceTree = "<group>";
		};
		1FFEEB7F2923C47B006E969B /* MainModule */ = {
			isa = PBXGroup;
			children = (
				1FFEEB8B2923C63A006E969B /* Cells */,
				1FFEEB8A2923C61D006E969B /* Controllers */,
			);
			path = MainModule;
			sourceTree = "<group>";
		};
		1FFEEB822923C496006E969B /* InfoModule */ = {
			isa = PBXGroup;
			children = (
				1FFEEB832923C4A9006E969B /* InfoViewController.swift */,
			);
			path = InfoModule;
			sourceTree = "<group>";
		};
		1FFEEB852923C4B5006E969B /* Extensions */ = {
			isa = PBXGroup;
			children = (
				1FFEEB872923C4C8006E969B /* Constants.swift */,
				1FFEEB862923C4C8006E969B /* UIView + Extensions.swift */,
				1FFEEB8E2923C8B5006E969B /* UIStackView + Extensions.swift */,
			);
			path = Extensions;
			sourceTree = "<group>";
		};
		1FFEEB8A2923C61D006E969B /* Controllers */ = {
			isa = PBXGroup;
			children = (
				1FFEEB802923C48A006E969B /* MainViewController.swift */,
			);
			path = Controllers;
			sourceTree = "<group>";
		};
		1FFEEB8B2923C63A006E969B /* Cells */ = {
			isa = PBXGroup;
			children = (
				1FFEEB8C2923C657006E969B /* MainCollectionViewCell.swift */,
				1FFEEB902923C991006E969B /* MainCollectionView.swift */,
			);
			path = Cells;
			sourceTree = "<group>";
		};
/* End PBXGroup section */

/* Begin PBXNativeTarget section */
		1FFEEB612923C3C5006E969B /* KrashPoems */ = {
			isa = PBXNativeTarget;
			buildConfigurationList = 1FFEEB762923C3C9006E969B /* Build configuration list for PBXNativeTarget "KrashPoems" */;
			buildPhases = (
				1FFEEB5E2923C3C5006E969B /* Sources */,
				1FFEEB5F2923C3C5006E969B /* Frameworks */,
				1FFEEB602923C3C5006E969B /* Resources */,
			);
			buildRules = (
			);
			dependencies = (
			);
			name = KrashPoems;
			productName = KrashPoems;
			productReference = 1FFEEB622923C3C5006E969B /* KrashPoems.app */;
			productType = "com.apple.product-type.application";
		};
/* End PBXNativeTarget section */

/* Begin PBXProject section */
		1FFEEB5A2923C3C5006E969B /* Project object */ = {
			isa = PBXProject;
			attributes = {
				BuildIndependentTargetsInParallel = 1;
				LastSwiftUpdateCheck = 1400;
				LastUpgradeCheck = 1400;
				TargetAttributes = {
					1FFEEB612923C3C5006E969B = {
						CreatedOnToolsVersion = 14.0.1;
					};
				};
			};
			buildConfigurationList = 1FFEEB5D2923C3C5006E969B /* Build configuration list for PBXProject "KrashPoems" */;
			compatibilityVersion = "Xcode 14.0";
			developmentRegion = en;
			hasScannedForEncodings = 0;
			knownRegions = (
				en,
				Base,
			);
			mainGroup = 1FFEEB592923C3C5006E969B;
			productRefGroup = 1FFEEB632923C3C5006E969B /* Products */;
			projectDirPath = "";
			projectRoot = "";
			targets = (
				1FFEEB612923C3C5006E969B /* KrashPoems */,
			);
		};
/* End PBXProject section */

/* Begin PBXResourcesBuildPhase section */
		1FFEEB602923C3C5006E969B /* Resources */ = {
			isa = PBXResourcesBuildPhase;
			buildActionMask = 2147483647;
			files = (
				1FFEEB722923C3C9006E969B /* LaunchScreen.storyboard in Resources */,
				1F8EB4022927BC3A007AB43E /* Assets.xcassets in Resources */,
				1FFEEB932923ED7A006E969B /* Font in Resources */,
			);
			runOnlyForDeploymentPostprocessing = 0;
		};
/* End PBXResourcesBuildPhase section */

/* Begin PBXSourcesBuildPhase section */
		1FFEEB5E2923C3C5006E969B /* Sources */ = {
			isa = PBXSourcesBuildPhase;
			buildActionMask = 2147483647;
			files = (
				1FFEEB662923C3C5006E969B /* AppDelegate.swift in Sources */,
				1FFEEB8F2923C8B5006E969B /* UIStackView + Extensions.swift in Sources */,
				1FFEEB912923C991006E969B /* MainCollectionView.swift in Sources */,
				1F9A8DAF292528BC00046073 /* DetailsViewController.swift in Sources */,
				1F9A8DB1292528EF00046073 /* DetailsModel.swift in Sources */,
				1FFEEB7E2923C46E006E969B /* MainTabBarController.swift in Sources */,
				1FFEEB8D2923C657006E969B /* MainCollectionViewCell.swift in Sources */,
				1FFEEB682923C3C5006E969B /* SceneDelegate.swift in Sources */,
				1FFEEB812923C48A006E969B /* MainViewController.swift in Sources */,
				1F8EB409292E766C007AB43E /* FavoriteCell.swift in Sources */,
				1FFEEB892923C4C8006E969B /* Constants.swift in Sources */,
				1F8EB406292E71FD007AB43E /* FavoriteViewController.swift in Sources */,
				1FFEEB882923C4C8006E969B /* UIView + Extensions.swift in Sources */,
				1FFEEB842923C4A9006E969B /* InfoViewController.swift in Sources */,
			);
			runOnlyForDeploymentPostprocessing = 0;
		};
/* End PBXSourcesBuildPhase section */

/* Begin PBXVariantGroup section */
		1FFEEB702923C3C9006E969B /* LaunchScreen.storyboard */ = {
			isa = PBXVariantGroup;
			children = (
				1FFEEB712923C3C9006E969B /* Base */,
			);
			name = LaunchScreen.storyboard;
			sourceTree = "<group>";
		};
/* End PBXVariantGroup section */

/* Begin XCBuildConfiguration section */
		1FFEEB742923C3C9006E969B /* Debug */ = {
			isa = XCBuildConfiguration;
			buildSettings = {
				ALWAYS_SEARCH_USER_PATHS = NO;
				CLANG_ANALYZER_NONNULL = YES;
				CLANG_ANALYZER_NUMBER_OBJECT_CONVERSION = YES_AGGRESSIVE;
				CLANG_CXX_LANGUAGE_STANDARD = "gnu++20";
				CLANG_ENABLE_MODULES = YES;
				CLANG_ENABLE_OBJC_ARC = YES;
				CLANG_ENABLE_OBJC_WEAK = YES;
				CLANG_WARN_BLOCK_CAPTURE_AUTORELEASING = YES;
				CLANG_WARN_BOOL_CONVERSION = YES;
				CLANG_WARN_COMMA = YES;
				CLANG_WARN_CONSTANT_CONVERSION = YES;
				CLANG_WARN_DEPRECATED_OBJC_IMPLEMENTATIONS = YES;
				CLANG_WARN_DIRECT_OBJC_ISA_USAGE = YES_ERROR;
				CLANG_WARN_DOCUMENTATION_COMMENTS = YES;
				CLANG_WARN_EMPTY_BODY = YES;
				CLANG_WARN_ENUM_CONVERSION = YES;
				CLANG_WARN_INFINITE_RECURSION = YES;
				CLANG_WARN_INT_CONVERSION = YES;
				CLANG_WARN_NON_LITERAL_NULL_CONVERSION = YES;
				CLANG_WARN_OBJC_IMPLICIT_RETAIN_SELF = YES;
				CLANG_WARN_OBJC_LITERAL_CONVERSION = YES;
				CLANG_WARN_OBJC_ROOT_CLASS = YES_ERROR;
				CLANG_WARN_QUOTED_INCLUDE_IN_FRAMEWORK_HEADER = YES;
				CLANG_WARN_RANGE_LOOP_ANALYSIS = YES;
				CLANG_WARN_STRICT_PROTOTYPES = YES;
				CLANG_WARN_SUSPICIOUS_MOVE = YES;
				CLANG_WARN_UNGUARDED_AVAILABILITY = YES_AGGRESSIVE;
				CLANG_WARN_UNREACHABLE_CODE = YES;
				CLANG_WARN__DUPLICATE_METHOD_MATCH = YES;
				COPY_PHASE_STRIP = NO;
				DEBUG_INFORMATION_FORMAT = dwarf;
				ENABLE_STRICT_OBJC_MSGSEND = YES;
				ENABLE_TESTABILITY = YES;
				GCC_C_LANGUAGE_STANDARD = gnu11;
				GCC_DYNAMIC_NO_PIC = NO;
				GCC_NO_COMMON_BLOCKS = YES;
				GCC_OPTIMIZATION_LEVEL = 0;
				GCC_PREPROCESSOR_DEFINITIONS = (
					"DEBUG=1",
					"$(inherited)",
				);
				GCC_WARN_64_TO_32_BIT_CONVERSION = YES;
				GCC_WARN_ABOUT_RETURN_TYPE = YES_ERROR;
				GCC_WARN_UNDECLARED_SELECTOR = YES;
				GCC_WARN_UNINITIALIZED_AUTOS = YES_AGGRESSIVE;
				GCC_WARN_UNUSED_FUNCTION = YES;
				GCC_WARN_UNUSED_VARIABLE = YES;
				IPHONEOS_DEPLOYMENT_TARGET = 16.0;
				MTL_ENABLE_DEBUG_INFO = INCLUDE_SOURCE;
				MTL_FAST_MATH = YES;
				ONLY_ACTIVE_ARCH = YES;
				SDKROOT = iphoneos;
				SWIFT_ACTIVE_COMPILATION_CONDITIONS = DEBUG;
				SWIFT_OPTIMIZATION_LEVEL = "-Onone";
			};
			name = Debug;
		};
		1FFEEB752923C3C9006E969B /* Release */ = {
			isa = XCBuildConfiguration;
			buildSettings = {
				ALWAYS_SEARCH_USER_PATHS = NO;
				CLANG_ANALYZER_NONNULL = YES;
				CLANG_ANALYZER_NUMBER_OBJECT_CONVERSION = YES_AGGRESSIVE;
				CLANG_CXX_LANGUAGE_STANDARD = "gnu++20";
				CLANG_ENABLE_MODULES = YES;
				CLANG_ENABLE_OBJC_ARC = YES;
				CLANG_ENABLE_OBJC_WEAK = YES;
				CLANG_WARN_BLOCK_CAPTURE_AUTORELEASING = YES;
				CLANG_WARN_BOOL_CONVERSION = YES;
				CLANG_WARN_COMMA = YES;
				CLANG_WARN_CONSTANT_CONVERSION = YES;
				CLANG_WARN_DEPRECATED_OBJC_IMPLEMENTATIONS = YES;
				CLANG_WARN_DIRECT_OBJC_ISA_USAGE = YES_ERROR;
				CLANG_WARN_DOCUMENTATION_COMMENTS = YES;
				CLANG_WARN_EMPTY_BODY = YES;
				CLANG_WARN_ENUM_CONVERSION = YES;
				CLANG_WARN_INFINITE_RECURSION = YES;
				CLANG_WARN_INT_CONVERSION = YES;
				CLANG_WARN_NON_LITERAL_NULL_CONVERSION = YES;
				CLANG_WARN_OBJC_IMPLICIT_RETAIN_SELF = YES;
				CLANG_WARN_OBJC_LITERAL_CONVERSION = YES;
				CLANG_WARN_OBJC_ROOT_CLASS = YES_ERROR;
				CLANG_WARN_QUOTED_INCLUDE_IN_FRAMEWORK_HEADER = YES;
				CLANG_WARN_RANGE_LOOP_ANALYSIS = YES;
				CLANG_WARN_STRICT_PROTOTYPES = YES;
				CLANG_WARN_SUSPICIOUS_MOVE = YES;
				CLANG_WARN_UNGUARDED_AVAILABILITY = YES_AGGRESSIVE;
				CLANG_WARN_UNREACHABLE_CODE = YES;
				CLANG_WARN__DUPLICATE_METHOD_MATCH = YES;
				COPY_PHASE_STRIP = NO;
				DEBUG_INFORMATION_FORMAT = "dwarf-with-dsym";
				ENABLE_NS_ASSERTIONS = NO;
				ENABLE_STRICT_OBJC_MSGSEND = YES;
				GCC_C_LANGUAGE_STANDARD = gnu11;
				GCC_NO_COMMON_BLOCKS = YES;
				GCC_WARN_64_TO_32_BIT_CONVERSION = YES;
				GCC_WARN_ABOUT_RETURN_TYPE = YES_ERROR;
				GCC_WARN_UNDECLARED_SELECTOR = YES;
				GCC_WARN_UNINITIALIZED_AUTOS = YES_AGGRESSIVE;
				GCC_WARN_UNUSED_FUNCTION = YES;
				GCC_WARN_UNUSED_VARIABLE = YES;
				IPHONEOS_DEPLOYMENT_TARGET = 16.0;
				MTL_ENABLE_DEBUG_INFO = NO;
				MTL_FAST_MATH = YES;
				SDKROOT = iphoneos;
				SWIFT_COMPILATION_MODE = wholemodule;
				SWIFT_OPTIMIZATION_LEVEL = "-O";
				VALIDATE_PRODUCT = YES;
			};
			name = Release;
		};
		1FFEEB772923C3C9006E969B /* Debug */ = {
			isa = XCBuildConfiguration;
			buildSettings = {
				ASSETCATALOG_COMPILER_APPICON_NAME = AppIcon;
				ASSETCATALOG_COMPILER_GLOBAL_ACCENT_COLOR_NAME = AccentColor;
				CODE_SIGN_STYLE = Automatic;
				CURRENT_PROJECT_VERSION = 1;
				DEVELOPMENT_TEAM = GX2UNQYPA8;
				GENERATE_INFOPLIST_FILE = YES;
				INFOPLIST_FILE = KrashPoems/Info.plist;
				INFOPLIST_KEY_UIApplicationSupportsIndirectInputEvents = YES;
				INFOPLIST_KEY_UILaunchStoryboardName = LaunchScreen;
				INFOPLIST_KEY_UISupportedInterfaceOrientations_iPad = "UIInterfaceOrientationPortrait UIInterfaceOrientationPortraitUpsideDown UIInterfaceOrientationLandscapeLeft UIInterfaceOrientationLandscapeRight";
				INFOPLIST_KEY_UISupportedInterfaceOrientations_iPhone = "UIInterfaceOrientationPortrait UIInterfaceOrientationLandscapeLeft UIInterfaceOrientationLandscapeRight";
				LD_RUNPATH_SEARCH_PATHS = (
					"$(inherited)",
					"@executable_path/Frameworks",
				);
				MARKETING_VERSION = 1.0;
				PRODUCT_BUNDLE_IDENTIFIER = ru.vadimtsvang.KrashPoems;
				PRODUCT_NAME = "$(TARGET_NAME)";
				SWIFT_EMIT_LOC_STRINGS = YES;
				SWIFT_VERSION = 5.0;
				TARGETED_DEVICE_FAMILY = "1,2";
			};
			name = Debug;
		};
		1FFEEB782923C3C9006E969B /* Release */ = {
			isa = XCBuildConfiguration;
			buildSettings = {
				ASSETCATALOG_COMPILER_APPICON_NAME = AppIcon;
				ASSETCATALOG_COMPILER_GLOBAL_ACCENT_COLOR_NAME = AccentColor;
				CODE_SIGN_STYLE = Automatic;
				CURRENT_PROJECT_VERSION = 1;
				DEVELOPMENT_TEAM = GX2UNQYPA8;
				GENERATE_INFOPLIST_FILE = YES;
				INFOPLIST_FILE = KrashPoems/Info.plist;
				INFOPLIST_KEY_UIApplicationSupportsIndirectInputEvents = YES;
				INFOPLIST_KEY_UILaunchStoryboardName = LaunchScreen;
				INFOPLIST_KEY_UISupportedInterfaceOrientations_iPad = "UIInterfaceOrientationPortrait UIInterfaceOrientationPortraitUpsideDown UIInterfaceOrientationLandscapeLeft UIInterfaceOrientationLandscapeRight";
				INFOPLIST_KEY_UISupportedInterfaceOrientations_iPhone = "UIInterfaceOrientationPortrait UIInterfaceOrientationLandscapeLeft UIInterfaceOrientationLandscapeRight";
				LD_RUNPATH_SEARCH_PATHS = (
					"$(inherited)",
					"@executable_path/Frameworks",
				);
				MARKETING_VERSION = 1.0;
				PRODUCT_BUNDLE_IDENTIFIER = ru.vadimtsvang.KrashPoems;
				PRODUCT_NAME = "$(TARGET_NAME)";
				SWIFT_EMIT_LOC_STRINGS = YES;
				SWIFT_VERSION = 5.0;
				TARGETED_DEVICE_FAMILY = "1,2";
			};
			name = Release;
		};
/* End XCBuildConfiguration section */

/* Begin XCConfigurationList section */
		1FFEEB5D2923C3C5006E969B /* Build configuration list for PBXProject "KrashPoems" */ = {
			isa = XCConfigurationList;
			buildConfigurations = (
				1FFEEB742923C3C9006E969B /* Debug */,
				1FFEEB752923C3C9006E969B /* Release */,
			);
			defaultConfigurationIsVisible = 0;
			defaultConfigurationName = Release;
		};
		1FFEEB762923C3C9006E969B /* Build configuration list for PBXNativeTarget "KrashPoems" */ = {
			isa = XCConfigurationList;
			buildConfigurations = (
				1FFEEB772923C3C9006E969B /* Debug */,
				1FFEEB782923C3C9006E969B /* Release */,
			);
			defaultConfigurationIsVisible = 0;
			defaultConfigurationName = Release;
		};
/* End XCConfigurationList section */
	};
	rootObject = 1FFEEB5A2923C3C5006E969B /* Project object */;
}
